github.com/BurntSushi/toml v1.2.1/go.mod h1:CxXYINrC8qIiEnFrOxCa7Jy5BFHlXnUU2pbicEuybxQ=
github.com/BurntSushi/toml v1.5.0 h1:W5quZX/G/csjUnuI8SUYlsHs9M38FC7znL0lIO+DvMg=
github.com/BurntSushi/toml v1.5.0/go.mod h1:ukJfTF/6rtPPRCnwkur4qwRxa8vTRFBF0uk2lLoLwho=
github.com/Nykakin/eigenvalues v0.0.0-20180218201739-8f7f53af5d88 h1:EgonejJ+bvJhCoGqJc2Thr93biEv9D2QRjXDaYDjr5U=
github.com/Nykakin/eigenvalues v0.0.0-20180218201739-8f7f53af5d88/go.mod h1:dO+3fLK/eeT19asBbQ3M+jL2nXaos6zbOMCT3nFXK0c=
github.com/Nykakin/quantize v0.0.0-20190320194030-e96048211e3e h1:jZ//lt2fy3A5j5lEGMMK38K21Bucv7npcXyKTL4gqdk=
github.com/Nykakin/quantize v0.0.0-20190320194030-e96048211e3e/go.mod h1:7wcsEAXsnjypDiUlel3HRfyosv3k02VSua2WgpF1llg=
github.com/aws/aws-sdk-go-v2 v1.39.3 h1:h7xSsanJ4EQJXG5iuW4UqgP7qBopLpj84mpkNx3wPjM=
github.com/aws/aws-sdk-go-v2 v1.39.3/go.mod h1:yWSxrnioGUZ4WVv9TgMrNUeLV3PFESn/v+6T/Su8gnM=
github.com/aws/aws-sdk-go-v2/aws/protocol/eventstream v1.7.2 h1:t9yYsydLYNBk9cJ73rgPhPWqOh/52fcWDQB5b1JsKSY=
github.com/aws/aws-sdk-go-v2/aws/protocol/eventstream v1.7.2/go.mod h1:IusfVNTmiSN3t4rhxWFaBAqn+mcNdwKtPcV16eYdgko=
github.com/aws/aws-sdk-go-v2/config v1.31.13 h1:wcqQB3B0PgRPUF5ZE/QL1JVOyB0mbPevHFoAMpemR9k=
github.com/aws/aws-sdk-go-v2/config v1.31.13/go.mod h1:ySB5D5ybwqGbT6c3GszZ+u+3KvrlYCUQNo62+hkKOFk=
github.com/aws/aws-sdk-go-v2/credentials v1.18.17 h1:skpEwzN/+H8cdrrtT8y+rvWJGiWWv0DeNAe+4VTf+Vs=
github.com/aws/aws-sdk-go-v2/credentials v1.18.17/go.mod h1:Ed+nXsaYa5uBINovJhcAWkALvXw2ZLk36opcuiSZfJM=
github.com/aws/aws-sdk-go-v2/feature/ec2/imds v1.18.10 h1:UuGVOX48oP4vgQ36oiKmW9RuSeT8jlgQgBFQD+HUiHY=
github.com/aws/aws-sdk-go-v2/feature/ec2/imds v1.18.10/go.mod h1:vM/Ini41PzvudT4YkQyE/+WiQJiQ6jzeDyU8pQKwCac=
github.com/aws/aws-sdk-go-v2/internal/configsources v1.4.10 h1:mj/bdWleWEh81DtpdHKkw41IrS+r3uw1J/VQtbwYYp8=
github.com/aws/aws-sdk-go-v2/internal/configsources v1.4.10/go.mod h1:7+oEMxAZWP8gZCyjcm9VicI0M61Sx4DJtcGfKYv2yKQ=
github.com/aws/aws-sdk-go-v2/internal/endpoints/v2 v2.7.10 h1:wh+/mn57yhUrFtLIxyFPh2RgxgQz/u+Yrf7hiHGHqKY=
github.com/aws/aws-sdk-go-v2/internal/endpoints/v2 v2.7.10/go.mod h1:7zirD+ryp5gitJJ2m1BBux56ai8RIRDykXZrJSp540w=
github.com/aws/aws-sdk-go-v2/internal/ini v1.8.4 h1:WKuaxf++XKWlHWu9ECbMlha8WOEGm0OUEZqm4K/Gcfk=
github.com/aws/aws-sdk-go-v2/internal/ini v1.8.4/go.mod h1:ZWy7j6v1vWGmPReu0iSGvRiise4YI5SkR3OHKTZ6Wuc=
github.com/aws/aws-sdk-go-v2/internal/v4a v1.4.10 h1:FHw90xCTsofzk6vjU808TSuDtDfOOKPNdz5Weyc3tUI=
github.com/aws/aws-sdk-go-v2/internal/v4a v1.4.10/go.mod h1:n8jdIE/8F3UYkg8O4IGkQpn2qUmapg/1K1yl29/uf/c=
github.com/aws/aws-sdk-go-v2/service/internal/accept-encoding v1.13.2 h1:xtuxji5CS0JknaXoACOunXOYOQzgfTvGAc9s2QdCJA4=
github.com/aws/aws-sdk-go-v2/service/internal/accept-encoding v1.13.2/go.mod h1:zxwi0DIR0rcRcgdbl7E2MSOvxDyyXGBlScvBkARFaLQ=
github.com/aws/aws-sdk-go-v2/service/internal/checksum v1.9.1 h1:ne+eepnDB2Wh5lHKzELgEncIqeVlQ1rSF9fEa4r5I+A=
github.com/aws/aws-sdk-go-v2/service/internal/checksum v1.9.1/go.mod h1:u0Jkg0L+dcG1ozUq21uFElmpbmjBnhHR5DELHIme4wg=
github.com/aws/aws-sdk-go-v2/service/internal/presigned-url v1.13.10 h1:DRND0dkCKtJzCj4Xl4OpVbXZgfttY5q712H9Zj7qc/0=
github.com/aws/aws-sdk-go-v2/service/internal/presigned-url v1.13.10/go.mod h1:tGGNmJKOTernmR2+VJ0fCzQRurcPZj9ut60Zu5Fi6us=
github.com/aws/aws-sdk-go-v2/service/internal/s3shared v1.19.10 h1:DA+Hl5adieRyFvE7pCvBWm3VOZTRexGVkXw33SUqNoY=
github.com/aws/aws-sdk-go-v2/service/internal/s3shared v1.19.10/go.mod h1:L+A89dH3/gr8L4ecrdzuXUYd1znoko6myzndVGZx/DA=
github.com/aws/aws-sdk-go-v2/service/s3 v1.88.5 h1:FlGScxzCGNzT+2AvHT1ZGMvxTwAMa6gsooFb1pO/AiM=
github.com/aws/aws-sdk-go-v2/service/s3 v1.88.5/go.mod h1:N/iojY+8bW3MYol9NUMuKimpSbPEur75cuI1SmtonFM=
github.com/aws/aws-sdk-go-v2/service/sso v1.29.7 h1:fspVFg6qMx0svs40YgRmE7LZXh9VRZvTT35PfdQR6FM=
github.com/aws/aws-sdk-go-v2/service/sso v1.29.7/go.mod h1:BQTKL3uMECaLaUV3Zc2L4Qybv8C6BIXjuu1dOPyxTQs=
github.com/aws/aws-sdk-go-v2/service/ssooidc v1.35.2 h1:scVnW+NLXasGOhy7HhkdT9AGb6kjgW7fJ5xYkUaqHs0=
github.com/aws/aws-sdk-go-v2/service/ssooidc v1.35.2/go.mod h1:FRNCY3zTEWZXBKm2h5UBUPvCVDOecTad9KhynDyGBc0=
github.com/aws/aws-sdk-go-v2/service/sts v1.38.7 h1:VEO5dqFkMsl8QZ2yHsFDJAIZLAkEbaYDB+xdKi0Feic=
github.com/aws/aws-sdk-go-v2/service/sts v1.38.7/go.mod h1:L1xxV3zAdB+qVrVW/pBIrIAnHFWHo6FBbFe4xOGsG/o=
github.com/aws/smithy-go v1.23.1 h1:sLvcH6dfAFwGkHLZ7dGiYF7aK6mg4CgKA/iDKjLDt9M=
github.com/aws/smithy-go v1.23.1/go.mod h1:LEj2LM3rBRQJxPZTB4KuzZkaZYnZPnvgIhb4pu07mx0=
github.com/davecgh/go-spew v1.1.1 h1:vj9j/u1bqnvCEfJOwUhtlOARqs3+rkHYY13jYWTU97c=
github.com/davecgh/go-spew v1.1.1/go.mod h1:J7Y8YcW2NihsgmVo/mv3lAwl/skON4iLHjSsI+c5H38=
github.com/go-chi/chi/v5 v5.2.3 h1:WQIt9uxdsAbgIYgid+BpYc+liqQZGMHRaUwp0JUcvdE=
github.com/go-chi/chi/v5 v5.2.3/go.mod h1:L2yAIGWB3H+phAw1NxKwWM+7eUH/lU8pOMm5hHcoops=
github.com/ilyakaznacheev/cleanenv v1.5.0 h1:0VNZXggJE2OYdXE87bfSSwGxeiGt9moSR2lOrsHHvr4=
github.com/ilyakaznacheev/cleanenv v1.5.0/go.mod h1:a5aDzaJrLCQZsazHol1w8InnDcOX0OColm64SlIi6gk=
github.com/joho/godotenv v1.5.1 h1:7eLL/+HRGLY0ldzfGMeQkb7vMd0as4CfYvUVzLqw0N0=
github.com/joho/godotenv v1.5.1/go.mod h1:f4LDr5Voq0i2e/R5DDNOoa2zzDfwtkZa6DnEwAbqwq4=
github.com/matoous/go-nanoid/v2 v2.1.0 h1:P64+dmq21hhWdtvZfEAofnvJULaRR1Yib0+PnU669bE=
github.com/matoous/go-nanoid/v2 v2.1.0/go.mod h1:KlbGNQ+FhrUNIHUxZdL63t7tl4LaPkZNpUULS8H4uVM=
github.com/nfnt/resize v0.0.0-20180221191011-83c6a9932646 h1:zYyBkD/k9seD2A7fsi6Oo2LfFZAehjjQMERAvZLEDnQ=
github.com/nfnt/resize v0.0.0-20180221191011-83c6a9932646/go.mod h1:jpp1/29i3P1S/RLdc7JQKbRpFeM1dOBd8T9ki5s+AY8=
github.com/pmezard/go-difflib v1.0.0 h1:4DBwDE0NGyQoBHbLQYPwSUPoCMWR5BEzIk/f1lZbAQM=
github.com/pmezard/go-difflib v1.0.0/go.mod h1:iKH77koFhYxTK1pcRnkKkqfTogsbg7gZNVY4sRDYZ/4=
github.com/stretchr/testify v1.9.0 h1:HtqpIVDClZ4nwg75+f6Lvsy/wHu+3BoSGCbBAcpTsTg=
github.com/stretchr/testify v1.9.0/go.mod h1:r2ic/lqez/lEtzL7wO/rwa5dbSLXVDPFyf8C91i36aY=
go.uber.org/goleak v1.3.0 h1:2K3zAYmnTNqV73imy9J1T3WC+gmCePx2hEGkimedGto=
go.uber.org/goleak v1.3.0/go.mod h1:CoHD4mav9JJNrW/WLlf7HGZPjdw8EucARQHekz1X6bE=
go.uber.org/multierr v1.11.0 h1:blXXJkSxSSfBVBlC76pxqeO+LN3aDfLQo+309xJstO0=
go.uber.org/multierr v1.11.0/go.mod h1:20+QtiLqy0Nd6FdQB9TLXag12DsQkrbs3htMFfDN80Y=
go.uber.org/zap v1.27.0 h1:aJMhYGrd5QSmlpLMr2MftRKl7t8J8PTZPA732ud/XR8=
go.uber.org/zap v1.27.0/go.mod h1:GB2qFLM7cTU87MWRP2mPIjqfIDnGu+VIO4V/SdhGo2E=
gopkg.in/check.v1 v0.0.0-20161208181325-20d25e280405 h1:yhCVgyC4o1eVCa2tZl7eS0r+SDo693bJlVdllGtEeKM=
gopkg.in/check.v1 v0.0.0-20161208181325-20d25e280405/go.mod h1:Co6ibVJAznAaIkqp8huTwlJQCZ016jof/cbN4VW5Yz0=
gopkg.in/yaml.v3 v3.0.1 h1:fxVm/GzAzEWqLHuvctI91KS9hhNmmWOoWu0XTYJS7CA=
gopkg.in/yaml.v3 v3.0.1/go.mod h1:K4uyk7z7BCEPqu6E+C64Yfv1cQ7kz7rIZviUmN+EgEM=
olympos.io/encoding/edn v0.0.0-20201019073823-d3554ca0b0a3 h1:slmdOY3vp8a7KQbHkL+FLbvbkgMqmXojpFUO/jENuqQ=
olympos.io/encoding/edn v0.0.0-20201019073823-d3554ca0b0a3/go.mod h1:oVgVk4OWVDi43qWBEyGhXgYxt7+ED4iYNpTngSLX2Iw=
